<Solution>
  <Project Path="CapaAccesoDatos/CapaAccesoDatos.csproj" />
  <Project Path="CapaDatosPrueba/CapaDatosPrueba.csproj" Id="d406784a-d10c-4c8f-ab5f-a1565056a0d8" />
  <Project Path="CapaNegocio/CapaNegocio.csproj" />
  <Project Path="ParcialArq1/CapaPresentacion.csproj" />
  <Project Path="PruebasCredito/PruebasCredito.csproj" Id="17eec1ff-54f7-4602-947a-b31d785bd629" />
</Solution>
